{
  "name": "formilk",
  "version": "0.0.0",
  "lockfileVersion": 2,
  "requires": true,
  "packages": {
    "": {
      "name": "formilk",
      "version": "0.0.0",
      "dependencies": {
        "@atomico/components": "latest",
        "@atomico/hooks": "latest",
        "@atomico/markdown": "latest",
        "atomico": "latest",
        "typescript": "^4.2.4"
      },
      "devDependencies": {
        "@devserver/build": "latest",
        "@devserver/cli": "latest"
      }
    },
    "node_modules/@atomico/components": {
      "version": "1.0.3",
      "resolved": "https://registry.npmjs.org/@atomico/components/-/components-1.0.3.tgz",
      "integrity": "sha512-Ocsb7Bu/a9V/7Rvr/Hwz2EuP69Wvdvraew+j+1pMas8SzCIFWiMMYilc11ECl/QZSn57HpbQXDsAL7KUUGGaLg==",
      "dependencies": {
        "@atomico/hooks": "latest",
        "atomico": "latest"
      }
    },
    "node_modules/@atomico/hooks": {
      "version": "3.3.1",
      "resolved": "https://registry.npmjs.org/@atomico/hooks/-/hooks-3.3.1.tgz",
      "integrity": "sha512-5zqVbC/WjJbnYs7zwCrIJbkz3uMLBIsEFvpaudIc91ZrrFBDlWSE0NXWYe58+eicd3+DEAZNwOidskFMK8BjGQ==",
      "dependencies": {
        "@uppercod/css-to-object": "latest",
        "@uppercod/exp-route": "latest",
        "atomico": "latest"
      }
    },
    "node_modules/@atomico/markdown": {
      "version": "1.0.1",
      "resolved": "https://registry.npmjs.org/@atomico/markdown/-/markdown-1.0.1.tgz",
      "integrity": "sha512-paTVAGjsmuc5xfQhncrXSU12q8HPCCubXIMrsriKyCaFbZ+IXpgAl4vtdNjyeXho5XR+z6mjXvVT9ZqnqzNr3Q==",
      "dependencies": {
        "@uppercod/markdown-inline": "latest",
        "atomico": "latest"
      }
    },
    "node_modules/@devserver/build": {
      "version": "0.15.8",
      "resolved": "https://registry.npmjs.org/@devserver/build/-/build-0.15.8.tgz",
      "integrity": "sha512-l1RmouQ46dW9hCj16Pe8tYQit15NpokrNaNadKlKEri6d7HXMIzwEA0/xe9hDk+fY3G5B4qqlEAHQYYrf/Pz6g==",
      "dev": true,
      "dependencies": {
        "@devserver/build-core": "0.15.8"
      }
    },
    "node_modules/@devserver/build-core": {
      "version": "0.15.8",
      "resolved": "https://registry.npmjs.org/@devserver/build-core/-/build-core-0.15.8.tgz",
      "integrity": "sha512-bkkIsLMVt3VkNNLxIR0dnJ8COlhF4vrruhw1GKRPSbBlzeAGEL33bkAoN2SQyVGtRjdplfGFODcAYcFnWy+5iQ==",
      "dev": true
    },
    "node_modules/@devserver/cli": {
      "version": "0.15.8",
      "resolved": "https://registry.npmjs.org/@devserver/cli/-/cli-0.15.8.tgz",
      "integrity": "sha512-HjhHnQj+Tj3XnYvOwe59vyrczeURAZ3CIp0TFeqI4aKvNHDOBGf+uKzaVpEfpHTbGvT4k40mNpW93wWSzBhaHA==",
      "dev": true,
      "license": "ISC",
      "dependencies": {
        "@devserver/build-core": "0.15.8",
        "@devserver/replace-import": "0.15.8",
        "@devserver/resolve": "0.15.8",
        "@devserver/transform-js": "0.15.8"
      },
      "bin": {
        "devserver": "cli.cjs"
      }
    },
    "node_modules/@devserver/package-exports": {
      "version": "0.15.8",
      "resolved": "https://registry.npmjs.org/@devserver/package-exports/-/package-exports-0.15.8.tgz",
      "integrity": "sha512-Kpsw5r25EX6c/DvLvJlx4bobrtjdkPVxCuNByM5lQIdTcSoO69kMzQsE9zYnW4ioyzAZRrXoPK0e8zDrktvfrw==",
      "dev": true
    },
    "node_modules/@devserver/replace-import": {
      "version": "0.15.8",
      "resolved": "https://registry.npmjs.org/@devserver/replace-import/-/replace-import-0.15.8.tgz",
      "integrity": "sha512-k+pqAi2JKmuB595kuUJL1m47GxG9JddYDsSIw9e/hAje0pZZUuqr5Mh1QTO6KQZlsAoyxeh3GyWCcvPkRXtnrw==",
      "dev": true
    },
    "node_modules/@devserver/resolve": {
      "version": "0.15.8",
      "resolved": "https://registry.npmjs.org/@devserver/resolve/-/resolve-0.15.8.tgz",
      "integrity": "sha512-3FHH0ZgxcJ8ngzY9CA809ZMy6kbhzy1UGFq+tF0AmbztafZoJ1YFRk1MLNDxrbiG7dFHQuWXKqKLhA1QS8ePnQ==",
      "dev": true,
      "dependencies": {
        "@devserver/package-exports": "0.15.8"
      }
    },
    "node_modules/@devserver/transform-js": {
      "version": "0.15.8",
      "resolved": "https://registry.npmjs.org/@devserver/transform-js/-/transform-js-0.15.8.tgz",
      "integrity": "sha512-JsiU/XqUgDejKAd47cVCb5DcQ/YA5GE5BCWv8JWwem/My6uKt1q2WDtlR4ToHMMVtfNYMtXiOdjg57A/5zcSPw==",
      "dev": true,
      "dependencies": {
        "@devserver/replace-import": "0.15.8"
      }
    },
    "node_modules/@uppercod/css-to-object": {
      "version": "1.1.1",
      "resolved": "https://registry.npmjs.org/@uppercod/css-to-object/-/css-to-object-1.1.1.tgz",
      "integrity": "sha512-dCTxxolI6fu28lzNRVwd7CzJV8EbARITFyCbP/JqLHYLfWHY7GJqXHDdk0GbtfXvsZosPCvjOE4dOIMT4XDFZQ=="
    },
    "node_modules/@uppercod/exp-route": {
      "version": "1.3.0",
      "resolved": "https://registry.npmjs.org/@uppercod/exp-route/-/exp-route-1.3.0.tgz",
      "integrity": "sha512-S3snkUhr93a0kq0wfJRVH0pdsE2zAxIHw3BFu41vNYuBCCfbK701ll+nfOVQajNfZV6Wg4WvkOeluprUgOvROg=="
    },
    "node_modules/@uppercod/markdown-inline": {
      "version": "0.0.1",
      "resolved": "https://registry.npmjs.org/@uppercod/markdown-inline/-/markdown-inline-0.0.1.tgz",
      "integrity": "sha512-gzzff8n1gPtC146ifMRoFSXgUK1PCCYDnVOgBS5J+hcglP5d9j1MaCI1iYODuG3v9vE4wwXVu0iAXuZSI8SDaQ=="
    },
    "node_modules/atomico": {
      "version": "1.16.0",
      "resolved": "https://registry.npmjs.org/atomico/-/atomico-1.16.0.tgz",
      "integrity": "sha512-79RRDcTpajQIqwroG3p9BlsAyy25St5OhL8Kv+A/pUhrbqm5Fkq0nyCen8JZnhJkC/9bvznoGBt7c78h7cAgRw=="
    },
    "node_modules/typescript": {
      "version": "4.2.4",
      "resolved": "https://registry.npmjs.org/typescript/-/typescript-4.2.4.tgz",
      "integrity": "sha512-V+evlYHZnQkaz8TRBuxTA92yZBPotr5H+WhQ7bD3hZUndx5tGOa1fuCgeSjxAzM1RiN5IzvadIXTVefuuwZCRg==",
      "bin": {
        "tsc": "bin/tsc",
        "tsserver": "bin/tsserver"
      },
      "engines": {
        "node": ">=4.2.0"
      }
    }
  },
  "dependencies": {
    "@atomico/components": {
      "version": "1.0.3",
      "resolved": "https://registry.npmjs.org/@atomico/components/-/components-1.0.3.tgz",
      "integrity": "sha512-Ocsb7Bu/a9V/7Rvr/Hwz2EuP69Wvdvraew+j+1pMas8SzCIFWiMMYilc11ECl/QZSn57HpbQXDsAL7KUUGGaLg==",
      "requires": {
        "@atomico/hooks": "latest",
        "atomico": "latest"
      }
    },
    "@atomico/hooks": {
      "version": "3.3.1",
      "resolved": "https://registry.npmjs.org/@atomico/hooks/-/hooks-3.3.1.tgz",
      "integrity": "sha512-5zqVbC/WjJbnYs7zwCrIJbkz3uMLBIsEFvpaudIc91ZrrFBDlWSE0NXWYe58+eicd3+DEAZNwOidskFMK8BjGQ==",
      "requires": {
        "@uppercod/css-to-object": "latest",
        "@uppercod/exp-route": "latest",
        "atomico": "latest"
      }
    },
    "@atomico/markdown": {
      "version": "1.0.1",
      "resolved": "https://registry.npmjs.org/@atomico/markdown/-/markdown-1.0.1.tgz",
      "integrity": "sha512-paTVAGjsmuc5xfQhncrXSU12q8HPCCubXIMrsriKyCaFbZ+IXpgAl4vtdNjyeXho5XR+z6mjXvVT9ZqnqzNr3Q==",
      "requires": {
        "@uppercod/markdown-inline": "latest",
        "atomico": "latest"
      }
    },
    "@devserver/build": {
      "version": "0.15.8",
      "resolved": "https://registry.npmjs.org/@devserver/build/-/build-0.15.8.tgz",
      "integrity": "sha512-l1RmouQ46dW9hCj16Pe8tYQit15NpokrNaNadKlKEri6d7HXMIzwEA0/xe9hDk+fY3G5B4qqlEAHQYYrf/Pz6g==",
      "dev": true,
      "requires": {
        "@devserver/build-core": "0.15.8"
      }
    },
    "@devserver/build-core": {
      "version": "0.15.8",
      "resolved": "https://registry.npmjs.org/@devserver/build-core/-/build-core-0.15.8.tgz",
      "integrity": "sha512-bkkIsLMVt3VkNNLxIR0dnJ8COlhF4vrruhw1GKRPSbBlzeAGEL33bkAoN2SQyVGtRjdplfGFODcAYcFnWy+5iQ==",
      "dev": true
    },
    "@devserver/cli": {
      "version": "0.15.8",
      "resolved": "https://registry.npmjs.org/@devserver/cli/-/cli-0.15.8.tgz",
      "integrity": "sha512-HjhHnQj+Tj3XnYvOwe59vyrczeURAZ3CIp0TFeqI4aKvNHDOBGf+uKzaVpEfpHTbGvT4k40mNpW93wWSzBhaHA==",
      "dev": true,
      "requires": {
        "@devserver/build-core": "0.15.8",
        "@devserver/replace-import": "0.15.8",
        "@devserver/resolve": "0.15.8",
        "@devserver/transform-js": "0.15.8"
      }
    },
    "@devserver/package-exports": {
      "version": "0.15.8",
      "resolved": "https://registry.npmjs.org/@devserver/package-exports/-/package-exports-0.15.8.tgz",
      "integrity": "sha512-Kpsw5r25EX6c/DvLvJlx4bobrtjdkPVxCuNByM5lQIdTcSoO69kMzQsE9zYnW4ioyzAZRrXoPK0e8zDrktvfrw==",
      "dev": true
    },
    "@devserver/replace-import": {
      "version": "0.15.8",
      "resolved": "https://registry.npmjs.org/@devserver/replace-import/-/replace-import-0.15.8.tgz",
      "integrity": "sha512-k+pqAi2JKmuB595kuUJL1m47GxG9JddYDsSIw9e/hAje0pZZUuqr5Mh1QTO6KQZlsAoyxeh3GyWCcvPkRXtnrw==",
      "dev": true
    },
    "@devserver/resolve": {
      "version": "0.15.8",
      "resolved": "https://registry.npmjs.org/@devserver/resolve/-/resolve-0.15.8.tgz",
      "integrity": "sha512-3FHH0ZgxcJ8ngzY9CA809ZMy6kbhzy1UGFq+tF0AmbztafZoJ1YFRk1MLNDxrbiG7dFHQuWXKqKLhA1QS8ePnQ==",
      "dev": true,
      "requires": {
        "@devserver/package-exports": "0.15.8"
      }
    },
    "@devserver/transform-js": {
      "version": "0.15.8",
      "resolved": "https://registry.npmjs.org/@devserver/transform-js/-/transform-js-0.15.8.tgz",
      "integrity": "sha512-JsiU/XqUgDejKAd47cVCb5DcQ/YA5GE5BCWv8JWwem/My6uKt1q2WDtlR4ToHMMVtfNYMtXiOdjg57A/5zcSPw==",
      "dev": true,
      "requires": {
        "@devserver/replace-import": "0.15.8"
      }
    },
    "@uppercod/css-to-object": {
      "version": "1.1.1",
      "resolved": "https://registry.npmjs.org/@uppercod/css-to-object/-/css-to-object-1.1.1.tgz",
      "integrity": "sha512-dCTxxolI6fu28lzNRVwd7CzJV8EbARITFyCbP/JqLHYLfWHY7GJqXHDdk0GbtfXvsZosPCvjOE4dOIMT4XDFZQ=="
    },
    "@uppercod/exp-route": {
      "version": "1.3.0",
      "resolved": "https://registry.npmjs.org/@uppercod/exp-route/-/exp-route-1.3.0.tgz",
      "integrity": "sha512-S3snkUhr93a0kq0wfJRVH0pdsE2zAxIHw3BFu41vNYuBCCfbK701ll+nfOVQajNfZV6Wg4WvkOeluprUgOvROg=="
    },
    "@uppercod/markdown-inline": {
      "version": "0.0.1",
      "resolved": "https://registry.npmjs.org/@uppercod/markdown-inline/-/markdown-inline-0.0.1.tgz",
      "integrity": "sha512-gzzff8n1gPtC146ifMRoFSXgUK1PCCYDnVOgBS5J+hcglP5d9j1MaCI1iYODuG3v9vE4wwXVu0iAXuZSI8SDaQ=="
    },
    "atomico": {
      "version": "1.16.0",
      "resolved": "https://registry.npmjs.org/atomico/-/atomico-1.16.0.tgz",
      "integrity": "sha512-79RRDcTpajQIqwroG3p9BlsAyy25St5OhL8Kv+A/pUhrbqm5Fkq0nyCen8JZnhJkC/9bvznoGBt7c78h7cAgRw=="
    },
    "typescript": {
      "version": "4.2.4",
      "resolved": "https://registry.npmjs.org/typescript/-/typescript-4.2.4.tgz",
      "integrity": "sha512-V+evlYHZnQkaz8TRBuxTA92yZBPotr5H+WhQ7bD3hZUndx5tGOa1fuCgeSjxAzM1RiN5IzvadIXTVefuuwZCRg=="
    }
  }
}
